// !$*UTF8*$!
{
	archiveVersion = 1;
	classes = {
	};
	objectVersion = 46;
	objects = {

/* Begin PBXBuildFile section */
		AD39A49418E2A69F00B3129B /* Foundation.framework in Frameworks */ = {isa = PBXBuildFile; fileRef = AD39A49318E2A69F00B3129B /* Foundation.framework */; };
		AD39A49618E2A69F00B3129B /* CoreGraphics.framework in Frameworks */ = {isa = PBXBuildFile; fileRef = AD39A49518E2A69F00B3129B /* CoreGraphics.framework */; };
		AD39A49818E2A69F00B3129B /* UIKit.framework in Frameworks */ = {isa = PBXBuildFile; fileRef = AD39A49718E2A69F00B3129B /* UIKit.framework */; };
		AD39A49E18E2A69F00B3129B /* InfoPlist.strings in Resources */ = {isa = PBXBuildFile; fileRef = AD39A49C18E2A69F00B3129B /* InfoPlist.strings */; };
		AD39A4A018E2A69F00B3129B /* main.m in Sources */ = {isa = PBXBuildFile; fileRef = AD39A49F18E2A69F00B3129B /* main.m */; };
		AD39A4A418E2A69F00B3129B /* AppDelegate.m in Sources */ = {isa = PBXBuildFile; fileRef = AD39A4A318E2A69F00B3129B /* AppDelegate.m */; };
		AD39A4A718E2A69F00B3129B /* Main.storyboard in Resources */ = {isa = PBXBuildFile; fileRef = AD39A4A518E2A69F00B3129B /* Main.storyboard */; };
		AD39A4AA18E2A69F00B3129B /* ViewController.m in Sources */ = {isa = PBXBuildFile; fileRef = AD39A4A918E2A69F00B3129B /* ViewController.m */; };
		AD39A4AC18E2A69F00B3129B /* Images.xcassets in Resources */ = {isa = PBXBuildFile; fileRef = AD39A4AB18E2A69F00B3129B /* Images.xcassets */; };
		AD39A4B318E2A69F00B3129B /* XCTest.framework in Frameworks */ = {isa = PBXBuildFile; fileRef = AD39A4B218E2A69F00B3129B /* XCTest.framework */; };
		AD39A4B418E2A69F00B3129B /* Foundation.framework in Frameworks */ = {isa = PBXBuildFile; fileRef = AD39A49318E2A69F00B3129B /* Foundation.framework */; };
		AD39A4B518E2A69F00B3129B /* UIKit.framework in Frameworks */ = {isa = PBXBuildFile; fileRef = AD39A49718E2A69F00B3129B /* UIKit.framework */; };
		AD39A4BD18E2A69F00B3129B /* InfoPlist.strings in Resources */ = {isa = PBXBuildFile; fileRef = AD39A4BB18E2A69F00B3129B /* InfoPlist.strings */; };
		AD39A4BF18E2A69F00B3129B /* HXHexColorTests.m in Sources */ = {isa = PBXBuildFile; fileRef = AD39A4BE18E2A69F00B3129B /* HXHexColorTests.m */; };
		AD39A4CD18E2A75400B3129B /* UIColor+HXHexColor.m in Sources */ = {isa = PBXBuildFile; fileRef = AD39A4CC18E2A75400B3129B /* UIColor+HXHexColor.m */; };
/* End PBXBuildFile section */

/* Begin PBXContainerItemProxy section */
		AD39A4B618E2A69F00B3129B /* PBXContainerItemProxy */ = {
			isa = PBXContainerItemProxy;
			containerPortal = AD39A48818E2A69E00B3129B /* Project object */;
			proxyType = 1;
			remoteGlobalIDString = AD39A48F18E2A69F00B3129B;
			remoteInfo = HXHexColor;
		};
/* End PBXContainerItemProxy section */

/* Begin PBXFileReference section */
		AD39A49018E2A69F00B3129B /* HXHexColor.app */ = {isa = PBXFileReference; explicitFileType = wrapper.application; includeInIndex = 0; path = HXHexColor.app; sourceTree = BUILT_PRODUCTS_DIR; };
		AD39A49318E2A69F00B3129B /* Foundation.framework */ = {isa = PBXFileReference; lastKnownFileType = wrapper.framework; name = Foundation.framework; path = System/Library/Frameworks/Foundation.framework; sourceTree = SDKROOT; };
		AD39A49518E2A69F00B3129B /* CoreGraphics.framework */ = {isa = PBXFileReference; lastKnownFileType = wrapper.framework; name = CoreGraphics.framework; path = System/Library/Frameworks/CoreGraphics.framework; sourceTree = SDKROOT; };
		AD39A49718E2A69F00B3129B /* UIKit.framework */ = {isa = PBXFileReference; lastKnownFileType = wrapper.framework; name = UIKit.framework; path = System/Library/Frameworks/UIKit.framework; sourceTree = SDKROOT; };
		AD39A49B18E2A69F00B3129B /* HXHexColor-Info.plist */ = {isa = PBXFileReference; lastKnownFileType = text.plist.xml; path = "HXHexColor-Info.plist"; sourceTree = "<group>"; };
		AD39A49D18E2A69F00B3129B /* en */ = {isa = PBXFileReference; lastKnownFileType = text.plist.strings; name = en; path = en.lproj/InfoPlist.strings; sourceTree = "<group>"; };
		AD39A49F18E2A69F00B3129B /* main.m */ = {isa = PBXFileReference; lastKnownFileType = sourcecode.c.objc; path = main.m; sourceTree = "<group>"; };
		AD39A4A118E2A69F00B3129B /* HXHexColor-Prefix.pch */ = {isa = PBXFileReference; lastKnownFileType = sourcecode.c.h; path = "HXHexColor-Prefix.pch"; sourceTree = "<group>"; };
		AD39A4A218E2A69F00B3129B /* AppDelegate.h */ = {isa = PBXFileReference; lastKnownFileType = sourcecode.c.h; path = AppDelegate.h; sourceTree = "<group>"; };
		AD39A4A318E2A69F00B3129B /* AppDelegate.m */ = {isa = PBXFileReference; lastKnownFileType = sourcecode.c.objc; path = AppDelegate.m; sourceTree = "<group>"; };
		AD39A4A618E2A69F00B3129B /* Base */ = {isa = PBXFileReference; lastKnownFileType = file.storyboard; name = Base; path = Base.lproj/Main.storyboard; sourceTree = "<group>"; };
		AD39A4A818E2A69F00B3129B /* ViewController.h */ = {isa = PBXFileReference; lastKnownFileType = sourcecode.c.h; path = ViewController.h; sourceTree = "<group>"; };
		AD39A4A918E2A69F00B3129B /* ViewController.m */ = {isa = PBXFileReference; lastKnownFileType = sourcecode.c.objc; path = ViewController.m; sourceTree = "<group>"; };
		AD39A4AB18E2A69F00B3129B /* Images.xcassets */ = {isa = PBXFileReference; lastKnownFileType = folder.assetcatalog; path = Images.xcassets; sourceTree = "<group>"; };
		AD39A4B118E2A69F00B3129B /* HXHexColorTests.xctest */ = {isa = PBXFileReference; explicitFileType = wrapper.cfbundle; includeInIndex = 0; path = HXHexColorTests.xctest; sourceTree = BUILT_PRODUCTS_DIR; };
		AD39A4B218E2A69F00B3129B /* XCTest.framework */ = {isa = PBXFileReference; lastKnownFileType = wrapper.framework; name = XCTest.framework; path = Library/Frameworks/XCTest.framework; sourceTree = DEVELOPER_DIR; };
		AD39A4BA18E2A69F00B3129B /* HXHexColorTests-Info.plist */ = {isa = PBXFileReference; lastKnownFileType = text.plist.xml; path = "HXHexColorTests-Info.plist"; sourceTree = "<group>"; };
		AD39A4BC18E2A69F00B3129B /* en */ = {isa = PBXFileReference; lastKnownFileType = text.plist.strings; name = en; path = en.lproj/InfoPlist.strings; sourceTree = "<group>"; };
		AD39A4BE18E2A69F00B3129B /* HXHexColorTests.m */ = {isa = PBXFileReference; lastKnownFileType = sourcecode.c.objc; path = HXHexColorTests.m; sourceTree = "<group>"; };
		AD39A4CB18E2A75400B3129B /* UIColor+HXHexColor.h */ = {isa = PBXFileReference; fileEncoding = 4; lastKnownFileType = sourcecode.c.h; path = "UIColor+HXHexColor.h"; sourceTree = "<group>"; };
		AD39A4CC18E2A75400B3129B /* UIColor+HXHexColor.m */ = {isa = PBXFileReference; fileEncoding = 4; lastKnownFileType = sourcecode.c.objc; path = "UIColor+HXHexColor.m"; sourceTree = "<group>"; };
/* End PBXFileReference section */

/* Begin PBXFrameworksBuildPhase section */
		AD39A48D18E2A69F00B3129B /* Frameworks */ = {
			isa = PBXFrameworksBuildPhase;
			buildActionMask = 2147483647;
			files = (
				AD39A49618E2A69F00B3129B /* CoreGraphics.framework in Frameworks */,
				AD39A49818E2A69F00B3129B /* UIKit.framework in Frameworks */,
				AD39A49418E2A69F00B3129B /* Foundation.framework in Frameworks */,
			);
			runOnlyForDeploymentPostprocessing = 0;
		};
		AD39A4AE18E2A69F00B3129B /* Frameworks */ = {
			isa = PBXFrameworksBuildPhase;
			buildActionMask = 2147483647;
			files = (
				AD39A4B318E2A69F00B3129B /* XCTest.framework in Frameworks */,
				AD39A4B518E2A69F00B3129B /* UIKit.framework in Frameworks */,
				AD39A4B418E2A69F00B3129B /* Foundation.framework in Frameworks */,
			);
			runOnlyForDeploymentPostprocessing = 0;
		};
/* End PBXFrameworksBuildPhase section */

/* Begin PBXGroup section */
		AD39A48718E2A69E00B3129B = {
			isa = PBXGroup;
			children = (
				AD39A49918E2A69F00B3129B /* HXHexColor */,
				AD39A4B818E2A69F00B3129B /* HXHexColorTests */,
				AD39A49218E2A69F00B3129B /* Frameworks */,
				AD39A49118E2A69F00B3129B /* Products */,
			);
			sourceTree = "<group>";
		};
		AD39A49118E2A69F00B3129B /* Products */ = {
			isa = PBXGroup;
			children = (
				AD39A49018E2A69F00B3129B /* HXHexColor.app */,
				AD39A4B118E2A69F00B3129B /* HXHexColorTests.xctest */,
			);
			name = Products;
			sourceTree = "<group>";
		};
		AD39A49218E2A69F00B3129B /* Frameworks */ = {
			isa = PBXGroup;
			children = (
				AD39A49318E2A69F00B3129B /* Foundation.framework */,
				AD39A49518E2A69F00B3129B /* CoreGraphics.framework */,
				AD39A49718E2A69F00B3129B /* UIKit.framework */,
				AD39A4B218E2A69F00B3129B /* XCTest.framework */,
			);
			name = Frameworks;
			sourceTree = "<group>";
		};
		AD39A49918E2A69F00B3129B /* HXHexColor */ = {
			isa = PBXGroup;
			children = (
				AD39A4A218E2A69F00B3129B /* AppDelegate.h */,
				AD39A4A318E2A69F00B3129B /* AppDelegate.m */,
				AD39A4A518E2A69F00B3129B /* Main.storyboard */,
				AD39A4A818E2A69F00B3129B /* ViewController.h */,
				AD39A4A918E2A69F00B3129B /* ViewController.m */,
				AD39A4AB18E2A69F00B3129B /* Images.xcassets */,
				AD39A49A18E2A69F00B3129B /* Supporting Files */,
			);
			path = HXHexColor;
			sourceTree = "<group>";
		};
		AD39A49A18E2A69F00B3129B /* Supporting Files */ = {
			isa = PBXGroup;
			children = (
				AD39A49B18E2A69F00B3129B /* HXHexColor-Info.plist */,
				AD39A49C18E2A69F00B3129B /* InfoPlist.strings */,
				AD39A49F18E2A69F00B3129B /* main.m */,
				AD39A4A118E2A69F00B3129B /* HXHexColor-Prefix.pch */,
				AD39A4CB18E2A75400B3129B /* UIColor+HXHexColor.h */,
				AD39A4CC18E2A75400B3129B /* UIColor+HXHexColor.m */,
			);
			name = "Supporting Files";
			sourceTree = "<group>";
		};
		AD39A4B818E2A69F00B3129B /* HXHexColorTests */ = {
			isa = PBXGroup;
			children = (
				AD39A4BE18E2A69F00B3129B /* HXHexColorTests.m */,
				AD39A4B918E2A69F00B3129B /* Supporting Files */,
			);
			path = HXHexColorTests;
			sourceTree = "<group>";
		};
		AD39A4B918E2A69F00B3129B /* Supporting Files */ = {
			isa = PBXGroup;
			children = (
				AD39A4BA18E2A69F00B3129B /* HXHexColorTests-Info.plist */,
				AD39A4BB18E2A69F00B3129B /* InfoPlist.strings */,
			);
			name = "Supporting Files";
			sourceTree = "<group>";
		};
/* End PBXGroup section */

/* Begin PBXNativeTarget section */
		AD39A48F18E2A69F00B3129B /* HXHexColor */ = {
			isa = PBXNativeTarget;
			buildConfigurationList = AD39A4C218E2A69F00B3129B /* Build configuration list for PBXNativeTarget "HXHexColor" */;
			buildPhases = (
				AD39A48C18E2A69F00B3129B /* Sources */,
				AD39A48D18E2A69F00B3129B /* Frameworks */,
				AD39A48E18E2A69F00B3129B /* Resources */,
			);
			buildRules = (
			);
			dependencies = (
			);
			name = HXHexColor;
			productName = HXHexColor;
			productReference = AD39A49018E2A69F00B3129B /* HXHexColor.app */;
			productType = "com.apple.product-type.application";
		};
		AD39A4B018E2A69F00B3129B /* HXHexColorTests */ = {
			isa = PBXNativeTarget;
			buildConfigurationList = AD39A4C518E2A69F00B3129B /* Build configuration list for PBXNativeTarget "HXHexColorTests" */;
			buildPhases = (
				AD39A4AD18E2A69F00B3129B /* Sources */,
				AD39A4AE18E2A69F00B3129B /* Frameworks */,
				AD39A4AF18E2A69F00B3129B /* Resources */,
			);
			buildRules = (
			);
			dependencies = (
				AD39A4B718E2A69F00B3129B /* PBXTargetDependency */,
			);
			name = HXHexColorTests;
			productName = HXHexColorTests;
			productReference = AD39A4B118E2A69F00B3129B /* HXHexColorTests.xctest */;
			productType = "com.apple.product-type.bundle.unit-test";
		};
/* End PBXNativeTarget section */

/* Begin PBXProject section */
		AD39A48818E2A69E00B3129B /* Project object */ = {
			isa = PBXProject;
			attributes = {
				LastUpgradeCheck = 0510;
				ORGANIZATIONNAME = HuangXianshuai;
				TargetAttributes = {
					AD39A4B018E2A69F00B3129B = {
						TestTargetID = AD39A48F18E2A69F00B3129B;
					};
				};
			};
			buildConfigurationList = AD39A48B18E2A69E00B3129B /* Build configuration list for PBXProject "HXHexColor" */;
			compatibilityVersion = "Xcode 3.2";
			developmentRegion = English;
			hasScannedForEncodings = 0;
			knownRegions = (
				en,
				Base,
			);
			mainGroup = AD39A48718E2A69E00B3129B;
			productRefGroup = AD39A49118E2A69F00B3129B /* Products */;
			projectDirPath = "";
			projectRoot = "";
			targets = (
				AD39A48F18E2A69F00B3129B /* HXHexColor */,
				AD39A4B018E2A69F00B3129B /* HXHexColorTests */,
			);
		};
/* End PBXProject section */

/* Begin PBXResourcesBuildPhase section */
		AD39A48E18E2A69F00B3129B /* Resources */ = {
			isa = PBXResourcesBuildPhase;
			buildActionMask = 2147483647;
			files = (
				AD39A4AC18E2A69F00B3129B /* Images.xcassets in Resources */,
				AD39A49E18E2A69F00B3129B /* InfoPlist.strings in Resources */,
				AD39A4A718E2A69F00B3129B /* Main.storyboard in Resources */,
			);
			runOnlyForDeploymentPostprocessing = 0;
		};
		AD39A4AF18E2A69F00B3129B /* Resources */ = {
			isa = PBXResourcesBuildPhase;
			buildActionMask = 2147483647;
			files = (
				AD39A4BD18E2A69F00B3129B /* InfoPlist.strings in Resources */,
			);
			runOnlyForDeploymentPostprocessing = 0;
		};
/* End PBXResourcesBuildPhase section */

/* Begin PBXSourcesBuildPhase section */
		AD39A48C18E2A69F00B3129B /* Sources */ = {
			isa = PBXSourcesBuildPhase;
			buildActionMask = 2147483647;
			files = (
				AD39A4AA18E2A69F00B3129B /* ViewController.m in Sources */,
				AD39A4A418E2A69F00B3129B /* AppDelegate.m in Sources */,
				AD39A4CD18E2A75400B3129B /* UIColor+HXHexColor.m in Sources */,
				AD39A4A018E2A69F00B3129B /* main.m in Sources */,
			);
			runOnlyForDeploymentPostprocessing = 0;
		};
		AD39A4AD18E2A69F00B3129B /* Sources */ = {
			isa = PBXSourcesBuildPhase;
			buildActionMask = 2147483647;
			files = (
				AD39A4BF18E2A69F00B3129B /* HXHexColorTests.m in Sources */,
			);
			runOnlyForDeploymentPostprocessing = 0;
		};
/* End PBXSourcesBuildPhase section */

/* Begin PBXTargetDependency section */
		AD39A4B718E2A69F00B3129B /* PBXTargetDependency */ = {
			isa = PBXTargetDependency;
			target = AD39A48F18E2A69F00B3129B /* HXHexColor */;
			targetProxy = AD39A4B618E2A69F00B3129B /* PBXContainerItemProxy */;
		};
/* End PBXTargetDependency section */

/* Begin PBXVariantGroup section */
		AD39A49C18E2A69F00B3129B /* InfoPlist.strings */ = {
			isa = PBXVariantGroup;
			children = (
				AD39A49D18E2A69F00B3129B /* en */,
			);
			name = InfoPlist.strings;
			sourceTree = "<group>";
		};
		AD39A4A518E2A69F00B3129B /* Main.storyboard */ = {
			isa = PBXVariantGroup;
			children = (
				AD39A4A618E2A69F00B3129B /* Base */,
			);
			name = Main.storyboard;
			sourceTree = "<group>";
		};
		AD39A4BB18E2A69F00B3129B /* InfoPlist.strings */ = {
			isa = PBXVariantGroup;
			children = (
				AD39A4BC18E2A69F00B3129B /* en */,
			);
			name = InfoPlist.strings;
			sourceTree = "<group>";
		};
/* End PBXVariantGroup section */

/* Begin XCBuildConfiguration section */
		AD39A4C018E2A69F00B3129B /* Debug */ = {
			isa = XCBuildConfiguration;
			buildSettings = {
				ALWAYS_SEARCH_USER_PATHS = NO;
				CLANG_CXX_LANGUAGE_STANDARD = "gnu++0x";
				CLANG_CXX_LIBRARY = "libc++";
				CLANG_ENABLE_MODULES = YES;
				CLANG_ENABLE_OBJC_ARC = YES;
				CLANG_WARN_BOOL_CONVERSION = YES;
				CLANG_WARN_CONSTANT_CONVERSION = YES;
				CLANG_WARN_DIRECT_OBJC_ISA_USAGE = YES_ERROR;
				CLANG_WARN_EMPTY_BODY = YES;
				CLANG_WARN_ENUM_CONVERSION = YES;
				CLANG_WARN_INT_CONVERSION = YES;
				CLANG_WARN_OBJC_ROOT_CLASS = YES_ERROR;
				CLANG_WARN__DUPLICATE_METHOD_MATCH = YES;
				"CODE_SIGN_IDENTITY[sdk=iphoneos*]" = "iPhone Developer";
				COPY_PHASE_STRIP = NO;
				GCC_C_LANGUAGE_STANDARD = gnu99;
				GCC_DYNAMIC_NO_PIC = NO;
				GCC_OPTIMIZATION_LEVEL = 0;
				GCC_PREPROCESSOR_DEFINITIONS = (
					"DEBUG=1",
					"$(inherited)",
				);
				GCC_SYMBOLS_PRIVATE_EXTERN = NO;
				GCC_WARN_64_TO_32_BIT_CONVERSION = YES;
				GCC_WARN_ABOUT_RETURN_TYPE = YES_ERROR;
				GCC_WARN_UNDECLARED_SELECTOR = YES;
				GCC_WARN_UNINITIALIZED_AUTOS = YES_AGGRESSIVE;
				GCC_WARN_UNUSED_FUNCTION = YES;
				GCC_WARN_UNUSED_VARIABLE = YES;
				IPHONEOS_DEPLOYMENT_TARGET = 7.1;
				ONLY_ACTIVE_ARCH = YES;
				SDKROOT = iphoneos;
			};
			name = Debug;
		};
		AD39A4C118E2A69F00B3129B /* Release */ = {
			isa = XCBuildConfiguration;
			buildSettings = {
				ALWAYS_SEARCH_USER_PATHS = NO;
				CLANG_CXX_LANGUAGE_STANDARD = "gnu++0x";
				CLANG_CXX_LIBRARY = "libc++";
				CLANG_ENABLE_MODULES = YES;
				CLANG_ENABLE_OBJC_ARC = YES;
				CLANG_WARN_BOOL_CONVERSION = YES;
				CLANG_WARN_CONSTANT_CONVERSION = YES;
				CLANG_WARN_DIRECT_OBJC_ISA_USAGE = YES_ERROR;
				CLANG_WARN_EMPTY_BODY = YES;
				CLANG_WARN_ENUM_CONVERSION = YES;
				CLANG_WARN_INT_CONVERSION = YES;
				CLANG_WARN_OBJC_ROOT_CLASS = YES_ERROR;
				CLANG_WARN__DUPLICATE_METHOD_MATCH = YES;
				"CODE_SIGN_IDENTITY[sdk=iphoneos*]" = "iPhone Developer";
				COPY_PHASE_STRIP = YES;
				ENABLE_NS_ASSERTIONS = NO;
				GCC_C_LANGUAGE_STANDARD = gnu99;
				GCC_WARN_64_TO_32_BIT_CONVERSION = YES;
				GCC_WARN_ABOUT_RETURN_TYPE = YES_ERROR;
				GCC_WARN_UNDECLARED_SELECTOR = YES;
				GCC_WARN_UNINITIALIZED_AUTOS = YES_AGGRESSIVE;
				GCC_WARN_UNUSED_FUNCTION = YES;
				GCC_WARN_UNUSED_VARIABLE = YES;
				IPHONEOS_DEPLOYMENT_TARGET = 7.1;
				SDKROOT = iphoneos;
				VALIDATE_PRODUCT = YES;
			};
			name = Release;
		};
		AD39A4C318E2A69F00B3129B /* Debug */ = {
			isa = XCBuildConfiguration;
			buildSettings = {
				ASSETCATALOG_COMPILER_APPICON_NAME = AppIcon;
				ASSETCATALOG_COMPILER_LAUNCHIMAGE_NAME = LaunchImage;
				GCC_PRECOMPILE_PREFIX_HEADER = YES;
				GCC_PREFIX_HEADER = "HXHexColor/HXHexColor-Prefix.pch";
				INFOPLIST_FILE = "HXHexColor/HXHexColor-Info.plist";
				PRODUCT_NAME = "$(TARGET_NAME)";
				WRAPPER_EXTENSION = app;
			};
			name = Debug;
		};
		AD39A4C418E2A69F00B3129B /* Release */ = {
			isa = XCBuildConfiguration;
			buildSettings = {
				ASSETCATALOG_COMPILER_APPICON_NAME = AppIcon;
				ASSETCATALOG_COMPILER_LAUNCHIMAGE_NAME = LaunchImage;
				GCC_PRECOMPILE_PREFIX_HEADER = YES;
				GCC_PREFIX_HEADER = "HXHexColor/HXHexColor-Prefix.pch";
				INFOPLIST_FILE = "HXHexColor/HXHexColor-Info.plist";
				PRODUCT_NAME = "$(TARGET_NAME)";
				WRAPPER_EXTENSION = app;
			};
			name = Release;
		};
		AD39A4C618E2A69F00B3129B /* Debug */ = {
			isa = XCBuildConfiguration;
			buildSettings = {
				BUNDLE_LOADER = "$(BUILT_PRODUCTS_DIR)/HXHexColor.app/HXHexColor";
				FRAMEWORK_SEARCH_PATHS = (
					"$(SDKROOT)/Developer/Library/Frameworks",
					"$(inherited)",
					"$(DEVELOPER_FRAMEWORKS_DIR)",
				);
				GCC_PRECOMPILE_PREFIX_HEADER = YES;
				GCC_PREFIX_HEADER = "HXHexColor/HXHexColor-Prefix.pch";
				GCC_PREPROCESSOR_DEFINITIONS = (
					"DEBUG=1",
					"$(inherited)",
				);
				INFOPLIST_FILE = "HXHexColorTests/HXHexColorTests-Info.plist";
				PRODUCT_NAME = "$(TARGET_NAME)";
				TEST_HOST = "$(BUNDLE_LOADER)";
				WRAPPER_EXTENSION = xctest;
			};
			name = Debug;
		};
		AD39A4C718E2A69F00B3129B /* Release */ = {
			isa = XCBuildConfiguration;
			buildSettings = {
				BUNDLE_LOADER = "$(BUILT_PRODUCTS_DIR)/HXHexColor.app/HXHexColor";
				FRAMEWORK_SEARCH_PATHS = (
					"$(SDKROOT)/Developer/Library/Frameworks",
					"$(inherited)",
					"$(DEVELOPER_FRAMEWORKS_DIR)",
				);
				GCC_PRECOMPILE_PREFIX_HEADER = YES;
				GCC_PREFIX_HEADER = "HXHexColor/HXHexColor-Prefix.pch";
				INFOPLIST_FILE = "HXHexColorTests/HXHexColorTests-Info.plist";
				PRODUCT_NAME = "$(TARGET_NAME)";
				TEST_HOST = "$(BUNDLE_LOADER)";
				WRAPPER_EXTENSION = xctest;
			};
			name = Release;
		};
/* End XCBuildConfiguration section */

/* Begin XCConfigurationList section */
		AD39A48B18E2A69E00B3129B /* Build configuration list for PBXProject "HXHexColor" */ = {
			isa = XCConfigurationList;
			buildConfigurations = (
				AD39A4C018E2A69F00B3129B /* Debug */,
				AD39A4C118E2A69F00B3129B /* Release */,
			);
			defaultConfigurationIsVisible = 0;
			defaultConfigurationName = Release;
		};
		AD39A4C218E2A69F00B3129B /* Build configuration list for PBXNativeTarget "HXHexColor" */ = {
			isa = XCConfigurationList;
			buildConfigurations = (
				AD39A4C318E2A69F00B3129B /* Debug */,
				AD39A4C418E2A69F00B3129B /* Release */,
			);
			defaultConfigurationIsVisible = 0;
			defaultConfigurationName = Release;
		};
		AD39A4C518E2A69F00B3129B /* Build configuration list for PBXNativeTarget "HXHexColorTests" */ = {
			isa = XCConfigurationList;
			buildConfigurations = (
				AD39A4C618E2A69F00B3129B /* Debug */,
				AD39A4C718E2A69F00B3129B /* Release */,
			);
			defaultConfigurationIsVisible = 0;
			defaultConfigurationName = Release;
		};
/* End XCConfigurationList section */
	};
	rootObject = AD39A48818E2A69E00B3129B /* Project object */;
}
